
Microsoft Visual Studio Solution File, Format Version 12.00
# Visual Studio 15
VisualStudioVersion = 15.0.28307.271
MinimumVisualStudioVersion = 10.0.40219.1
Project("{8BC9CEB8-8B4A-11D0-8D11-00A0C91BC942}") = "OMPL", "OMPL\OMPL.vcxproj", "{CBB8D409-C6FE-42AE-87D3-D4FC0318B475}"
EndProject
Project("{9A19103F-16F7-4668-BE54-9A1E7A4F7556}") = "OMPLUnity", "OMPLUnity\OMPLUnity.csproj", "{EF4D0A33-7AFD-4A74-8C53-01E62101F7B1}"
	ProjectSection(ProjectDependencies) = postProject
		{CBB8D409-C6FE-42AE-87D3-D4FC0318B475} = {CBB8D409-C6FE-42AE-87D3-D4FC0318B475}
	EndProjectSection
EndProject
Project("{9A19103F-16F7-4668-BE54-9A1E7A4F7556}") = "OMPLUnity.Test", "OMPLUnity.Test\OMPLUnity.Test.csproj", "{1C04F7A9-7CF3-4777-9CC9-8B8B04D016BF}"
EndProject
Global
	GlobalSection(SolutionConfigurationPlatforms) = preSolution
		Debug|Any CPU = Debug|Any CPU
		Debug|x64 = Debug|x64
		Debug|x86 = Debug|x86
		Release|Any CPU = Release|Any CPU
		Release|x64 = Release|x64
		Release|x86 = Release|x86
	EndGlobalSection
	GlobalSection(ProjectConfigurationPlatforms) = postSolution
		{CBB8D409-C6FE-42AE-87D3-D4FC0318B475}.Debug|Any CPU.ActiveCfg = Debug|Win32
		{CBB8D409-C6FE-42AE-87D3-D4FC0318B475}.Debug|x64.ActiveCfg = Debug|x64
		{CBB8D409-C6FE-42AE-87D3-D4FC0318B475}.Debug|x64.Build.0 = Debug|x64
		{CBB8D409-C6FE-42AE-87D3-D4FC0318B475}.Debug|x86.ActiveCfg = Debug|Win32
		{CBB8D409-C6FE-42AE-87D3-D4FC0318B475}.Debug|x86.Build.0 = Debug|Win32
		{CBB8D409-C6FE-42AE-87D3-D4FC0318B475}.Release|Any CPU.ActiveCfg = Release|x64
		{CBB8D409-C6FE-42AE-87D3-D4FC0318B475}.Release|Any CPU.Build.0 = Release|x64
		{CBB8D409-C6FE-42AE-87D3-D4FC0318B475}.Release|x64.ActiveCfg = Release|x64
		{CBB8D409-C6FE-42AE-87D3-D4FC0318B475}.Release|x64.Build.0 = Release|x64
		{CBB8D409-C6FE-42AE-87D3-D4FC0318B475}.Release|x86.ActiveCfg = Release|Win32
		{CBB8D409-C6FE-42AE-87D3-D4FC0318B475}.Release|x86.Build.0 = Release|Win32
		{EF4D0A33-7AFD-4A74-8C53-01E62101F7B1}.Debug|Any CPU.ActiveCfg = Debug|Any CPU
		{EF4D0A33-7AFD-4A74-8C53-01E62101F7B1}.Debug|Any CPU.Build.0 = Debug|Any CPU
		{EF4D0A33-7AFD-4A74-8C53-01E62101F7B1}.Debug|x64.ActiveCfg = Debug|Any CPU
		{EF4D0A33-7AFD-4A74-8C53-01E62101F7B1}.Debug|x64.Build.0 = Debug|Any CPU
		{EF4D0A33-7AFD-4A74-8C53-01E62101F7B1}.Debug|x86.ActiveCfg = Debug|Any CPU
		{EF4D0A33-7AFD-4A74-8C53-01E62101F7B1}.Debug|x86.Build.0 = Debug|Any CPU
		{EF4D0A33-7AFD-4A74-8C53-01E62101F7B1}.Release|Any CPU.ActiveCfg = Release|Any CPU
		{EF4D0A33-7AFD-4A74-8C53-01E62101F7B1}.Release|Any CPU.Build.0 = Release|Any CPU
		{EF4D0A33-7AFD-4A74-8C53-01E62101F7B1}.Release|x64.ActiveCfg = Release|Any CPU
		{EF4D0A33-7AFD-4A74-8C53-01E62101F7B1}.Release|x64.Build.0 = Release|Any CPU
		{EF4D0A33-7AFD-4A74-8C53-01E62101F7B1}.Release|x86.ActiveCfg = Release|Any CPU
		{EF4D0A33-7AFD-4A74-8C53-01E62101F7B1}.Release|x86.Build.0 = Release|Any CPU
		{1C04F7A9-7CF3-4777-9CC9-8B8B04D016BF}.Debug|Any CPU.ActiveCfg = Debug|Any CPU
		{1C04F7A9-7CF3-4777-9CC9-8B8B04D016BF}.Debug|Any CPU.Build.0 = Debug|Any CPU
		{1C04F7A9-7CF3-4777-9CC9-8B8B04D016BF}.Debug|x64.ActiveCfg = Debug|Any CPU
		{1C04F7A9-7CF3-4777-9CC9-8B8B04D016BF}.Debug|x64.Build.0 = Debug|Any CPU
		{1C04F7A9-7CF3-4777-9CC9-8B8B04D016BF}.Debug|x86.ActiveCfg = Debug|Any CPU
		{1C04F7A9-7CF3-4777-9CC9-8B8B04D016BF}.Debug|x86.Build.0 = Debug|Any CPU
		{1C04F7A9-7CF3-4777-9CC9-8B8B04D016BF}.Release|Any CPU.ActiveCfg = Release|Any CPU
		{1C04F7A9-7CF3-4777-9CC9-8B8B04D016BF}.Release|Any CPU.Build.0 = Release|Any CPU
		{1C04F7A9-7CF3-4777-9CC9-8B8B04D016BF}.Release|x64.ActiveCfg = Release|Any CPU
		{1C04F7A9-7CF3-4777-9CC9-8B8B04D016BF}.Release|x64.Build.0 = Release|Any CPU
		{1C04F7A9-7CF3-4777-9CC9-8B8B04D016BF}.Release|x86.ActiveCfg = Release|Any CPU
		{1C04F7A9-7CF3-4777-9CC9-8B8B04D016BF}.Release|x86.Build.0 = Release|Any CPU
	EndGlobalSection
	GlobalSection(SolutionProperties) = preSolution
		HideSolutionNode = FALSE
	EndGlobalSection
	GlobalSection(ExtensibilityGlobals) = postSolution
		SolutionGuid = {BA17AC25-02D9-4860-968B-FB42B7BFC6F9}
	EndGlobalSection
EndGlobal
